
Microsoft Visual Studio Solution File, Format Version 12.00
# Visual Studio Version 16
VisualStudioVersion = 16.0.31005.135
MinimumVisualStudioVersion = 10.0.40219.1
Project("{FAE04EC0-301F-11D3-BF4B-00C04F79EFBC}") = "Carfamsoft.ModelToView", "src\Carfamsoft.ModelToView\Carfamsoft.ModelToView.csproj", "{439EE7B9-0301-4C51-9BA5-20A9C4C598E7}"
EndProject
Project("{FAE04EC0-301F-11D3-BF4B-00C04F79EFBC}") = "Carfamsoft.ModelToView.Mvc", "src\Carfamsoft.ModelToView.Mvc\Carfamsoft.ModelToView.Mvc.csproj", "{018B63A5-C80F-4340-84F1-35671E773BF1}"
EndProject
Project("{FAE04EC0-301F-11D3-BF4B-00C04F79EFBC}") = "Carfamsoft.ModelToView.Testing.Tests", "src\Testing\test\Carfamsoft.ModelToView.Testing.Tests\Carfamsoft.ModelToView.Testing.Tests.csproj", "{37E1EE46-0D25-47F5-A55D-8F88DB6353C9}"
EndProject
Project("{FAE04EC0-301F-11D3-BF4B-00C04F79EFBC}") = "Carfamsoft.ModelToView.Shared", "src\Carfamsoft.ModelToView.Shared\Carfamsoft.ModelToView.Shared.csproj", "{C72D5198-5FE9-446D-A3CB-F2C0E0C05DA2}"
EndProject
Project("{FAE04EC0-301F-11D3-BF4B-00C04F79EFBC}") = "Carfamsoft.ModelToView.ViewAnnotations", "src\Carfamsoft.ModelToView.ViewAnnotations\Carfamsoft.ModelToView.ViewAnnotations.csproj", "{F45BB6DC-168D-4C37-9859-84B387CAB265}"
EndProject
Project("{FAE04EC0-301F-11D3-BF4B-00C04F79EFBC}") = "AutoRazorViewModels", "src\Samples\Web\AutoRazorViewModels\AutoRazorViewModels.csproj", "{78E14D6B-14F9-4EB9-9F5E-8D8FD00CFC7D}"
EndProject
Project("{FAE04EC0-301F-11D3-BF4B-00C04F79EFBC}") = "Carfamsoft.ModelToView.Testing", "src\Testing\src\Carfamsoft.ModelToView.Testing\Carfamsoft.ModelToView.Testing.csproj", "{800A5F17-EAA8-4AA5-80DF-294C68E6CF2E}"
EndProject
Global
	GlobalSection(SolutionConfigurationPlatforms) = preSolution
		Debug|Any CPU = Debug|Any CPU
		Release|Any CPU = Release|Any CPU
	EndGlobalSection
	GlobalSection(ProjectConfigurationPlatforms) = postSolution
		{439EE7B9-0301-4C51-9BA5-20A9C4C598E7}.Debug|Any CPU.ActiveCfg = Debug|Any CPU
		{439EE7B9-0301-4C51-9BA5-20A9C4C598E7}.Debug|Any CPU.Build.0 = Debug|Any CPU
		{439EE7B9-0301-4C51-9BA5-20A9C4C598E7}.Release|Any CPU.ActiveCfg = Release|Any CPU
		{439EE7B9-0301-4C51-9BA5-20A9C4C598E7}.Release|Any CPU.Build.0 = Release|Any CPU
		{018B63A5-C80F-4340-84F1-35671E773BF1}.Debug|Any CPU.ActiveCfg = Debug|Any CPU
		{018B63A5-C80F-4340-84F1-35671E773BF1}.Debug|Any CPU.Build.0 = Debug|Any CPU
		{018B63A5-C80F-4340-84F1-35671E773BF1}.Release|Any CPU.ActiveCfg = Release|Any CPU
		{018B63A5-C80F-4340-84F1-35671E773BF1}.Release|Any CPU.Build.0 = Release|Any CPU
		{37E1EE46-0D25-47F5-A55D-8F88DB6353C9}.Debug|Any CPU.ActiveCfg = Debug|Any CPU
		{37E1EE46-0D25-47F5-A55D-8F88DB6353C9}.Debug|Any CPU.Build.0 = Debug|Any CPU
		{37E1EE46-0D25-47F5-A55D-8F88DB6353C9}.Release|Any CPU.ActiveCfg = Release|Any CPU
		{37E1EE46-0D25-47F5-A55D-8F88DB6353C9}.Release|Any CPU.Build.0 = Release|Any CPU
		{C72D5198-5FE9-446D-A3CB-F2C0E0C05DA2}.Debug|Any CPU.ActiveCfg = Debug|Any CPU
		{C72D5198-5FE9-446D-A3CB-F2C0E0C05DA2}.Debug|Any CPU.Build.0 = Debug|Any CPU
		{C72D5198-5FE9-446D-A3CB-F2C0E0C05DA2}.Release|Any CPU.ActiveCfg = Release|Any CPU
		{C72D5198-5FE9-446D-A3CB-F2C0E0C05DA2}.Release|Any CPU.Build.0 = Release|Any CPU
		{F45BB6DC-168D-4C37-9859-84B387CAB265}.Debug|Any CPU.ActiveCfg = Debug|Any CPU
		{F45BB6DC-168D-4C37-9859-84B387CAB265}.Debug|Any CPU.Build.0 = Debug|Any CPU
		{F45BB6DC-168D-4C37-9859-84B387CAB265}.Release|Any CPU.ActiveCfg = Release|Any CPU
		{F45BB6DC-168D-4C37-9859-84B387CAB265}.Release|Any CPU.Build.0 = Release|Any CPU
		{78E14D6B-14F9-4EB9-9F5E-8D8FD00CFC7D}.Debug|Any CPU.ActiveCfg = Debug|Any CPU
		{78E14D6B-14F9-4EB9-9F5E-8D8FD00CFC7D}.Debug|Any CPU.Build.0 = Debug|Any CPU
		{78E14D6B-14F9-4EB9-9F5E-8D8FD00CFC7D}.Release|Any CPU.ActiveCfg = Release|Any CPU
		{78E14D6B-14F9-4EB9-9F5E-8D8FD00CFC7D}.Release|Any CPU.Build.0 = Release|Any CPU
		{800A5F17-EAA8-4AA5-80DF-294C68E6CF2E}.Debug|Any CPU.ActiveCfg = Debug|Any CPU
		{800A5F17-EAA8-4AA5-80DF-294C68E6CF2E}.Debug|Any CPU.Build.0 = Debug|Any CPU
		{800A5F17-EAA8-4AA5-80DF-294C68E6CF2E}.Release|Any CPU.ActiveCfg = Release|Any CPU
		{800A5F17-EAA8-4AA5-80DF-294C68E6CF2E}.Release|Any CPU.Build.0 = Release|Any CPU
	EndGlobalSection
	GlobalSection(SolutionProperties) = preSolution
		HideSolutionNode = FALSE
	EndGlobalSection
	GlobalSection(ExtensibilityGlobals) = postSolution
		SolutionGuid = {25EC9D27-D158-4817-B1FD-5437D810F49A}
	EndGlobalSection
EndGlobal
